
Microsoft Visual Studio Solution File, Format Version 12.00
# Visual Studio Version 16
VisualStudioVersion = 16.0.28917.181
MinimumVisualStudioVersion = 10.0.40219.1
Project("{FAE04EC0-301F-11D3-BF4B-00C04F79EFBC}") = "VodLinkChange", "VodLinkChange\VodLinkChange.csproj", "{BFD32CE5-44AE-437D-9B9B-F7552065032F}"
EndProject
Global
	GlobalSection(SolutionConfigurationPlatforms) = preSolution
		Debug|Any CPU = Debug|Any CPU
		Release|Any CPU = Release|Any CPU
	EndGlobalSection
	GlobalSection(ProjectConfigurationPlatforms) = postSolution
		{BFD32CE5-44AE-437D-9B9B-F7552065032F}.Debug|Any CPU.ActiveCfg = Debug|Any CPU
		{BFD32CE5-44AE-437D-9B9B-F7552065032F}.Debug|Any CPU.Build.0 = Debug|Any CPU
		{BFD32CE5-44AE-437D-9B9B-F7552065032F}.Release|Any CPU.ActiveCfg = Release|Any CPU
		{BFD32CE5-44AE-437D-9B9B-F7552065032F}.Release|Any CPU.Build.0 = Release|Any CPU
	EndGlobalSection
	GlobalSection(SolutionProperties) = preSolution
		HideSolutionNode = FALSE
	EndGlobalSection
	GlobalSection(ExtensibilityGlobals) = postSolution
		SolutionGuid = {1973944A-C155-4FA3-98B6-33BF0D5FFE00}
	EndGlobalSection
EndGlobal
